// !$*UTF8*$!
{
	archiveVersion = 1;
	classes = {
	};
	objectVersion = 46;
	objects = {

/* Begin PBXBuildFile section */
		6F0A6A3118A759A500E2AB44 /* Foundation.framework in Frameworks */ = {isa = PBXBuildFile; fileRef = 6F0A6A3018A759A500E2AB44 /* Foundation.framework */; };
		6F0A6A3318A759A500E2AB44 /* CoreGraphics.framework in Frameworks */ = {isa = PBXBuildFile; fileRef = 6F0A6A3218A759A500E2AB44 /* CoreGraphics.framework */; };
		6F0A6A3518A759A500E2AB44 /* UIKit.framework in Frameworks */ = {isa = PBXBuildFile; fileRef = 6F0A6A3418A759A500E2AB44 /* UIKit.framework */; };
		6F0A6A3B18A759A500E2AB44 /* InfoPlist.strings in Resources */ = {isa = PBXBuildFile; fileRef = 6F0A6A3918A759A500E2AB44 /* InfoPlist.strings */; };
		6F0A6A3D18A759A500E2AB44 /* main.m in Sources */ = {isa = PBXBuildFile; fileRef = 6F0A6A3C18A759A500E2AB44 /* main.m */; };
		6F0A6A4118A759A500E2AB44 /* CCAppDelegate.m in Sources */ = {isa = PBXBuildFile; fileRef = 6F0A6A4018A759A500E2AB44 /* CCAppDelegate.m */; };
		6F0A6A4418A759A500E2AB44 /* Main.storyboard in Resources */ = {isa = PBXBuildFile; fileRef = 6F0A6A4218A759A500E2AB44 /* Main.storyboard */; };
		6F0A6A4718A759A500E2AB44 /* CCViewController.m in Sources */ = {isa = PBXBuildFile; fileRef = 6F0A6A4618A759A500E2AB44 /* CCViewController.m */; };
		6F0A6A4918A759A500E2AB44 /* Images.xcassets in Resources */ = {isa = PBXBuildFile; fileRef = 6F0A6A4818A759A500E2AB44 /* Images.xcassets */; };
		6F0A6A5018A759A500E2AB44 /* XCTest.framework in Frameworks */ = {isa = PBXBuildFile; fileRef = 6F0A6A4F18A759A500E2AB44 /* XCTest.framework */; };
		6F0A6A5118A759A500E2AB44 /* Foundation.framework in Frameworks */ = {isa = PBXBuildFile; fileRef = 6F0A6A3018A759A500E2AB44 /* Foundation.framework */; };
		6F0A6A5218A759A500E2AB44 /* UIKit.framework in Frameworks */ = {isa = PBXBuildFile; fileRef = 6F0A6A3418A759A500E2AB44 /* UIKit.framework */; };
		6F0A6A5A18A759A500E2AB44 /* InfoPlist.strings in Resources */ = {isa = PBXBuildFile; fileRef = 6F0A6A5818A759A500E2AB44 /* InfoPlist.strings */; };
		6F0A6A5C18A759A500E2AB44 /* Git_TestTests.m in Sources */ = {isa = PBXBuildFile; fileRef = 6F0A6A5B18A759A500E2AB44 /* Git_TestTests.m */; };
		6F85B54D18A75DC0007F6190 /* CCTest.m in Sources */ = {isa = PBXBuildFile; fileRef = 6F85B54C18A75DC0007F6190 /* CCTest.m */; };
/* End PBXBuildFile section */

/* Begin PBXContainerItemProxy section */
		6F0A6A5318A759A500E2AB44 /* PBXContainerItemProxy */ = {
			isa = PBXContainerItemProxy;
			containerPortal = 6F0A6A2518A759A500E2AB44 /* Project object */;
			proxyType = 1;
			remoteGlobalIDString = 6F0A6A2C18A759A500E2AB44;
			remoteInfo = "Git Test";
		};
/* End PBXContainerItemProxy section */

/* Begin PBXFileReference section */
		6F0A6A2D18A759A500E2AB44 /* Git Test.app */ = {isa = PBXFileReference; explicitFileType = wrapper.application; includeInIndex = 0; path = "Git Test.app"; sourceTree = BUILT_PRODUCTS_DIR; };
		6F0A6A3018A759A500E2AB44 /* Foundation.framework */ = {isa = PBXFileReference; lastKnownFileType = wrapper.framework; name = Foundation.framework; path = System/Library/Frameworks/Foundation.framework; sourceTree = SDKROOT; };
		6F0A6A3218A759A500E2AB44 /* CoreGraphics.framework */ = {isa = PBXFileReference; lastKnownFileType = wrapper.framework; name = CoreGraphics.framework; path = System/Library/Frameworks/CoreGraphics.framework; sourceTree = SDKROOT; };
		6F0A6A3418A759A500E2AB44 /* UIKit.framework */ = {isa = PBXFileReference; lastKnownFileType = wrapper.framework; name = UIKit.framework; path = System/Library/Frameworks/UIKit.framework; sourceTree = SDKROOT; };
		6F0A6A3818A759A500E2AB44 /* Git Test-Info.plist */ = {isa = PBXFileReference; lastKnownFileType = text.plist.xml; path = "Git Test-Info.plist"; sourceTree = "<group>"; };
		6F0A6A3A18A759A500E2AB44 /* en */ = {isa = PBXFileReference; lastKnownFileType = text.plist.strings; name = en; path = en.lproj/InfoPlist.strings; sourceTree = "<group>"; };
		6F0A6A3C18A759A500E2AB44 /* main.m */ = {isa = PBXFileReference; lastKnownFileType = sourcecode.c.objc; path = main.m; sourceTree = "<group>"; };
		6F0A6A3E18A759A500E2AB44 /* Git Test-Prefix.pch */ = {isa = PBXFileReference; lastKnownFileType = sourcecode.c.h; path = "Git Test-Prefix.pch"; sourceTree = "<group>"; };
		6F0A6A3F18A759A500E2AB44 /* CCAppDelegate.h */ = {isa = PBXFileReference; lastKnownFileType = sourcecode.c.h; path = CCAppDelegate.h; sourceTree = "<group>"; };
		6F0A6A4018A759A500E2AB44 /* CCAppDelegate.m */ = {isa = PBXFileReference; lastKnownFileType = sourcecode.c.objc; path = CCAppDelegate.m; sourceTree = "<group>"; };
		6F0A6A4318A759A500E2AB44 /* Base */ = {isa = PBXFileReference; lastKnownFileType = file.storyboard; name = Base; path = Base.lproj/Main.storyboard; sourceTree = "<group>"; };
		6F0A6A4518A759A500E2AB44 /* CCViewController.h */ = {isa = PBXFileReference; lastKnownFileType = sourcecode.c.h; path = CCViewController.h; sourceTree = "<group>"; };
		6F0A6A4618A759A500E2AB44 /* CCViewController.m */ = {isa = PBXFileReference; lastKnownFileType = sourcecode.c.objc; path = CCViewController.m; sourceTree = "<group>"; };
		6F0A6A4818A759A500E2AB44 /* Images.xcassets */ = {isa = PBXFileReference; lastKnownFileType = folder.assetcatalog; path = Images.xcassets; sourceTree = "<group>"; };
		6F0A6A4E18A759A500E2AB44 /* Git TestTests.xctest */ = {isa = PBXFileReference; explicitFileType = wrapper.cfbundle; includeInIndex = 0; path = "Git TestTests.xctest"; sourceTree = BUILT_PRODUCTS_DIR; };
		6F0A6A4F18A759A500E2AB44 /* XCTest.framework */ = {isa = PBXFileReference; lastKnownFileType = wrapper.framework; name = XCTest.framework; path = Library/Frameworks/XCTest.framework; sourceTree = DEVELOPER_DIR; };
		6F0A6A5718A759A500E2AB44 /* Git TestTests-Info.plist */ = {isa = PBXFileReference; lastKnownFileType = text.plist.xml; path = "Git TestTests-Info.plist"; sourceTree = "<group>"; };
		6F0A6A5918A759A500E2AB44 /* en */ = {isa = PBXFileReference; lastKnownFileType = text.plist.strings; name = en; path = en.lproj/InfoPlist.strings; sourceTree = "<group>"; };
		6F0A6A5B18A759A500E2AB44 /* Git_TestTests.m */ = {isa = PBXFileReference; lastKnownFileType = sourcecode.c.objc; path = Git_TestTests.m; sourceTree = "<group>"; };
		6F85B54B18A75DC0007F6190 /* CCTest.h */ = {isa = PBXFileReference; fileEncoding = 4; lastKnownFileType = sourcecode.c.h; name = CCTest.h; path = ../CCTest.h; sourceTree = "<group>"; };
		6F85B54C18A75DC0007F6190 /* CCTest.m */ = {isa = PBXFileReference; fileEncoding = 4; lastKnownFileType = sourcecode.c.objc; name = CCTest.m; path = ../CCTest.m; sourceTree = "<group>"; };
/* End PBXFileReference section */

/* Begin PBXFrameworksBuildPhase section */
		6F0A6A2A18A759A500E2AB44 /* Frameworks */ = {
			isa = PBXFrameworksBuildPhase;
			buildActionMask = 2147483647;
			files = (
				6F0A6A3318A759A500E2AB44 /* CoreGraphics.framework in Frameworks */,
				6F0A6A3518A759A500E2AB44 /* UIKit.framework in Frameworks */,
				6F0A6A3118A759A500E2AB44 /* Foundation.framework in Frameworks */,
			);
			runOnlyForDeploymentPostprocessing = 0;
		};
		6F0A6A4B18A759A500E2AB44 /* Frameworks */ = {
			isa = PBXFrameworksBuildPhase;
			buildActionMask = 2147483647;
			files = (
				6F0A6A5018A759A500E2AB44 /* XCTest.framework in Frameworks */,
				6F0A6A5218A759A500E2AB44 /* UIKit.framework in Frameworks */,
				6F0A6A5118A759A500E2AB44 /* Foundation.framework in Frameworks */,
			);
			runOnlyForDeploymentPostprocessing = 0;
		};
/* End PBXFrameworksBuildPhase section */

/* Begin PBXGroup section */
		6F0A6A2418A759A500E2AB44 = {
			isa = PBXGroup;
			children = (
				6F0A6A3618A759A500E2AB44 /* Git Test */,
				6F0A6A5518A759A500E2AB44 /* Git TestTests */,
				6F0A6A2F18A759A500E2AB44 /* Frameworks */,
				6F0A6A2E18A759A500E2AB44 /* Products */,
			);
			sourceTree = "<group>";
		};
		6F0A6A2E18A759A500E2AB44 /* Products */ = {
			isa = PBXGroup;
			children = (
				6F0A6A2D18A759A500E2AB44 /* Git Test.app */,
				6F0A6A4E18A759A500E2AB44 /* Git TestTests.xctest */,
			);
			name = Products;
			sourceTree = "<group>";
		};
		6F0A6A2F18A759A500E2AB44 /* Frameworks */ = {
			isa = PBXGroup;
			children = (
				6F0A6A3018A759A500E2AB44 /* Foundation.framework */,
				6F0A6A3218A759A500E2AB44 /* CoreGraphics.framework */,
				6F0A6A3418A759A500E2AB44 /* UIKit.framework */,
				6F0A6A4F18A759A500E2AB44 /* XCTest.framework */,
			);
			name = Frameworks;
			sourceTree = "<group>";
		};
		6F0A6A3618A759A500E2AB44 /* Git Test */ = {
			isa = PBXGroup;
			children = (
				6F0A6A3F18A759A500E2AB44 /* CCAppDelegate.h */,
				6F0A6A4018A759A500E2AB44 /* CCAppDelegate.m */,
				6F0A6A4218A759A500E2AB44 /* Main.storyboard */,
				6F0A6A4518A759A500E2AB44 /* CCViewController.h */,
				6F0A6A4618A759A500E2AB44 /* CCViewController.m */,
				6F85B54B18A75DC0007F6190 /* CCTest.h */,
				6F85B54C18A75DC0007F6190 /* CCTest.m */,
				6F0A6A4818A759A500E2AB44 /* Images.xcassets */,
				6F0A6A3718A759A500E2AB44 /* Supporting Files */,
			);
			path = "Git Test";
			sourceTree = "<group>";
		};
		6F0A6A3718A759A500E2AB44 /* Supporting Files */ = {
			isa = PBXGroup;
			children = (
				6F0A6A3818A759A500E2AB44 /* Git Test-Info.plist */,
				6F0A6A3918A759A500E2AB44 /* InfoPlist.strings */,
				6F0A6A3C18A759A500E2AB44 /* main.m */,
				6F0A6A3E18A759A500E2AB44 /* Git Test-Prefix.pch */,
			);
			name = "Supporting Files";
			sourceTree = "<group>";
		};
		6F0A6A5518A759A500E2AB44 /* Git TestTests */ = {
			isa = PBXGroup;
			children = (
				6F0A6A5B18A759A500E2AB44 /* Git_TestTests.m */,
				6F0A6A5618A759A500E2AB44 /* Supporting Files */,
			);
			path = "Git TestTests";
			sourceTree = "<group>";
		};
		6F0A6A5618A759A500E2AB44 /* Supporting Files */ = {
			isa = PBXGroup;
			children = (
				6F0A6A5718A759A500E2AB44 /* Git TestTests-Info.plist */,
				6F0A6A5818A759A500E2AB44 /* InfoPlist.strings */,
			);
			name = "Supporting Files";
			sourceTree = "<group>";
		};
/* End PBXGroup section */

/* Begin PBXNativeTarget section */
		6F0A6A2C18A759A500E2AB44 /* Git Test */ = {
			isa = PBXNativeTarget;
			buildConfigurationList = 6F0A6A5F18A759A500E2AB44 /* Build configuration list for PBXNativeTarget "Git Test" */;
			buildPhases = (
				6F0A6A2918A759A500E2AB44 /* Sources */,
				6F0A6A2A18A759A500E2AB44 /* Frameworks */,
				6F0A6A2B18A759A500E2AB44 /* Resources */,
			);
			buildRules = (
			);
			dependencies = (
			);
			name = "Git Test";
			productName = "Git Test";
			productReference = 6F0A6A2D18A759A500E2AB44 /* Git Test.app */;
			productType = "com.apple.product-type.application";
		};
		6F0A6A4D18A759A500E2AB44 /* Git TestTests */ = {
			isa = PBXNativeTarget;
			buildConfigurationList = 6F0A6A6218A759A500E2AB44 /* Build configuration list for PBXNativeTarget "Git TestTests" */;
			buildPhases = (
				6F0A6A4A18A759A500E2AB44 /* Sources */,
				6F0A6A4B18A759A500E2AB44 /* Frameworks */,
				6F0A6A4C18A759A500E2AB44 /* Resources */,
			);
			buildRules = (
			);
			dependencies = (
				6F0A6A5418A759A500E2AB44 /* PBXTargetDependency */,
			);
			name = "Git TestTests";
			productName = "Git TestTests";
			productReference = 6F0A6A4E18A759A500E2AB44 /* Git TestTests.xctest */;
			productType = "com.apple.product-type.bundle.unit-test";
		};
/* End PBXNativeTarget section */

/* Begin PBXProject section */
		6F0A6A2518A759A500E2AB44 /* Project object */ = {
			isa = PBXProject;
			attributes = {
				CLASSPREFIX = CC;
				LastUpgradeCheck = 0500;
				ORGANIZATIONNAME = "TJ Talusan";
				TargetAttributes = {
					6F0A6A4D18A759A500E2AB44 = {
						TestTargetID = 6F0A6A2C18A759A500E2AB44;
					};
				};
			};
			buildConfigurationList = 6F0A6A2818A759A500E2AB44 /* Build configuration list for PBXProject "Git Test" */;
			compatibilityVersion = "Xcode 3.2";
			developmentRegion = English;
			hasScannedForEncodings = 0;
			knownRegions = (
				en,
				Base,
			);
			mainGroup = 6F0A6A2418A759A500E2AB44;
			productRefGroup = 6F0A6A2E18A759A500E2AB44 /* Products */;
			projectDirPath = "";
			projectRoot = "";
			targets = (
				6F0A6A2C18A759A500E2AB44 /* Git Test */,
				6F0A6A4D18A759A500E2AB44 /* Git TestTests */,
			);
		};
/* End PBXProject section */

/* Begin PBXResourcesBuildPhase section */
		6F0A6A2B18A759A500E2AB44 /* Resources */ = {
			isa = PBXResourcesBuildPhase;
			buildActionMask = 2147483647;
			files = (
				6F0A6A4918A759A500E2AB44 /* Images.xcassets in Resources */,
				6F0A6A3B18A759A500E2AB44 /* InfoPlist.strings in Resources */,
				6F0A6A4418A759A500E2AB44 /* Main.storyboard in Resources */,
			);
			runOnlyForDeploymentPostprocessing = 0;
		};
		6F0A6A4C18A759A500E2AB44 /* Resources */ = {
			isa = PBXResourcesBuildPhase;
			buildActionMask = 2147483647;
			files = (
				6F0A6A5A18A759A500E2AB44 /* InfoPlist.strings in Resources */,
			);
			runOnlyForDeploymentPostprocessing = 0;
		};
/* End PBXResourcesBuildPhase section */

/* Begin PBXSourcesBuildPhase section */
		6F0A6A2918A759A500E2AB44 /* Sources */ = {
			isa = PBXSourcesBuildPhase;
			buildActionMask = 2147483647;
			files = (
				6F0A6A4118A759A500E2AB44 /* CCAppDelegate.m in Sources */,
				6F85B54D18A75DC0007F6190 /* CCTest.m in Sources */,
				6F0A6A3D18A759A500E2AB44 /* main.m in Sources */,
				6F0A6A4718A759A500E2AB44 /* CCViewController.m in Sources */,
			);
			runOnlyForDeploymentPostprocessing = 0;
		};
		6F0A6A4A18A759A500E2AB44 /* Sources */ = {
			isa = PBXSourcesBuildPhase;
			buildActionMask = 2147483647;
			files = (
				6F0A6A5C18A759A500E2AB44 /* Git_TestTests.m in Sources */,
			);
			runOnlyForDeploymentPostprocessing = 0;
		};
/* End PBXSourcesBuildPhase section */

/* Begin PBXTargetDependency section */
		6F0A6A5418A759A500E2AB44 /* PBXTargetDependency */ = {
			isa = PBXTargetDependency;
			target = 6F0A6A2C18A759A500E2AB44 /* Git Test */;
			targetProxy = 6F0A6A5318A759A500E2AB44 /* PBXContainerItemProxy */;
		};
/* End PBXTargetDependency section */

/* Begin PBXVariantGroup section */
		6F0A6A3918A759A500E2AB44 /* InfoPlist.strings */ = {
			isa = PBXVariantGroup;
			children = (
				6F0A6A3A18A759A500E2AB44 /* en */,
			);
			name = InfoPlist.strings;
			sourceTree = "<group>";
		};
		6F0A6A4218A759A500E2AB44 /* Main.storyboard */ = {
			isa = PBXVariantGroup;
			children = (
				6F0A6A4318A759A500E2AB44 /* Base */,
			);
			name = Main.storyboard;
			sourceTree = "<group>";
		};
		6F0A6A5818A759A500E2AB44 /* InfoPlist.strings */ = {
			isa = PBXVariantGroup;
			children = (
				6F0A6A5918A759A500E2AB44 /* en */,
			);
			name = InfoPlist.strings;
			sourceTree = "<group>";
		};
/* End PBXVariantGroup section */

/* Begin XCBuildConfiguration section */
		6F0A6A5D18A759A500E2AB44 /* Debug */ = {
			isa = XCBuildConfiguration;
			buildSettings = {
				ALWAYS_SEARCH_USER_PATHS = NO;
				ARCHS = "$(ARCHS_STANDARD_INCLUDING_64_BIT)";
				CLANG_CXX_LANGUAGE_STANDARD = "gnu++0x";
				CLANG_CXX_LIBRARY = "libc++";
				CLANG_ENABLE_MODULES = YES;
				CLANG_ENABLE_OBJC_ARC = YES;
				CLANG_WARN_BOOL_CONVERSION = YES;
				CLANG_WARN_CONSTANT_CONVERSION = YES;
				CLANG_WARN_DIRECT_OBJC_ISA_USAGE = YES_ERROR;
				CLANG_WARN_EMPTY_BODY = YES;
				CLANG_WARN_ENUM_CONVERSION = YES;
				CLANG_WARN_INT_CONVERSION = YES;
				CLANG_WARN_OBJC_ROOT_CLASS = YES_ERROR;
				CLANG_WARN__DUPLICATE_METHOD_MATCH = YES;
				"CODE_SIGN_IDENTITY[sdk=iphoneos*]" = "iPhone Developer";
				COPY_PHASE_STRIP = NO;
				GCC_C_LANGUAGE_STANDARD = gnu99;
				GCC_DYNAMIC_NO_PIC = NO;
				GCC_OPTIMIZATION_LEVEL = 0;
				GCC_PREPROCESSOR_DEFINITIONS = (
					"DEBUG=1",
					"$(inherited)",
				);
				GCC_SYMBOLS_PRIVATE_EXTERN = NO;
				GCC_WARN_64_TO_32_BIT_CONVERSION = YES;
				GCC_WARN_ABOUT_RETURN_TYPE = YES_ERROR;
				GCC_WARN_UNDECLARED_SELECTOR = YES;
				GCC_WARN_UNINITIALIZED_AUTOS = YES;
				GCC_WARN_UNUSED_FUNCTION = YES;
				GCC_WARN_UNUSED_VARIABLE = YES;
				IPHONEOS_DEPLOYMENT_TARGET = 7.0;
				ONLY_ACTIVE_ARCH = YES;
				SDKROOT = iphoneos;
			};
			name = Debug;
		};
		6F0A6A5E18A759A500E2AB44 /* Release */ = {
			isa = XCBuildConfiguration;
			buildSettings = {
				ALWAYS_SEARCH_USER_PATHS = NO;
				ARCHS = "$(ARCHS_STANDARD_INCLUDING_64_BIT)";
				CLANG_CXX_LANGUAGE_STANDARD = "gnu++0x";
				CLANG_CXX_LIBRARY = "libc++";
				CLANG_ENABLE_MODULES = YES;
				CLANG_ENABLE_OBJC_ARC = YES;
				CLANG_WARN_BOOL_CONVERSION = YES;
				CLANG_WARN_CONSTANT_CONVERSION = YES;
				CLANG_WARN_DIRECT_OBJC_ISA_USAGE = YES_ERROR;
				CLANG_WARN_EMPTY_BODY = YES;
				CLANG_WARN_ENUM_CONVERSION = YES;
				CLANG_WARN_INT_CONVERSION = YES;
				CLANG_WARN_OBJC_ROOT_CLASS = YES_ERROR;
				CLANG_WARN__DUPLICATE_METHOD_MATCH = YES;
				"CODE_SIGN_IDENTITY[sdk=iphoneos*]" = "iPhone Developer";
				COPY_PHASE_STRIP = YES;
				ENABLE_NS_ASSERTIONS = NO;
				GCC_C_LANGUAGE_STANDARD = gnu99;
				GCC_WARN_64_TO_32_BIT_CONVERSION = YES;
				GCC_WARN_ABOUT_RETURN_TYPE = YES_ERROR;
				GCC_WARN_UNDECLARED_SELECTOR = YES;
				GCC_WARN_UNINITIALIZED_AUTOS = YES;
				GCC_WARN_UNUSED_FUNCTION = YES;
				GCC_WARN_UNUSED_VARIABLE = YES;
				IPHONEOS_DEPLOYMENT_TARGET = 7.0;
				SDKROOT = iphoneos;
				VALIDATE_PRODUCT = YES;
			};
			name = Release;
		};
		6F0A6A6018A759A500E2AB44 /* Debug */ = {
			isa = XCBuildConfiguration;
			buildSettings = {
				ASSETCATALOG_COMPILER_APPICON_NAME = AppIcon;
				ASSETCATALOG_COMPILER_LAUNCHIMAGE_NAME = LaunchImage;
				GCC_PRECOMPILE_PREFIX_HEADER = YES;
				GCC_PREFIX_HEADER = "Git Test/Git Test-Prefix.pch";
				INFOPLIST_FILE = "Git Test/Git Test-Info.plist";
				PRODUCT_NAME = "$(TARGET_NAME)";
				WRAPPER_EXTENSION = app;
			};
			name = Debug;
		};
		6F0A6A6118A759A500E2AB44 /* Release */ = {
			isa = XCBuildConfiguration;
			buildSettings = {
				ASSETCATALOG_COMPILER_APPICON_NAME = AppIcon;
				ASSETCATALOG_COMPILER_LAUNCHIMAGE_NAME = LaunchImage;
				GCC_PRECOMPILE_PREFIX_HEADER = YES;
				GCC_PREFIX_HEADER = "Git Test/Git Test-Prefix.pch";
				INFOPLIST_FILE = "Git Test/Git Test-Info.plist";
				PRODUCT_NAME = "$(TARGET_NAME)";
				WRAPPER_EXTENSION = app;
			};
			name = Release;
		};
		6F0A6A6318A759A500E2AB44 /* Debug */ = {
			isa = XCBuildConfiguration;
			buildSettings = {
				ARCHS = "$(ARCHS_STANDARD_INCLUDING_64_BIT)";
				BUNDLE_LOADER = "$(BUILT_PRODUCTS_DIR)/Git Test.app/Git Test";
				FRAMEWORK_SEARCH_PATHS = (
					"$(SDKROOT)/Developer/Library/Frameworks",
					"$(inherited)",
					"$(DEVELOPER_FRAMEWORKS_DIR)",
				);
				GCC_PRECOMPILE_PREFIX_HEADER = YES;
				GCC_PREFIX_HEADER = "Git Test/Git Test-Prefix.pch";
				GCC_PREPROCESSOR_DEFINITIONS = (
					"DEBUG=1",
					"$(inherited)",
				);
				INFOPLIST_FILE = "Git TestTests/Git TestTests-Info.plist";
				PRODUCT_NAME = "$(TARGET_NAME)";
				TEST_HOST = "$(BUNDLE_LOADER)";
				WRAPPER_EXTENSION = xctest;
			};
			name = Debug;
		};
		6F0A6A6418A759A500E2AB44 /* Release */ = {
			isa = XCBuildConfiguration;
			buildSettings = {
				ARCHS = "$(ARCHS_STANDARD_INCLUDING_64_BIT)";
				BUNDLE_LOADER = "$(BUILT_PRODUCTS_DIR)/Git Test.app/Git Test";
				FRAMEWORK_SEARCH_PATHS = (
					"$(SDKROOT)/Developer/Library/Frameworks",
					"$(inherited)",
					"$(DEVELOPER_FRAMEWORKS_DIR)",
				);
				GCC_PRECOMPILE_PREFIX_HEADER = YES;
				GCC_PREFIX_HEADER = "Git Test/Git Test-Prefix.pch";
				INFOPLIST_FILE = "Git TestTests/Git TestTests-Info.plist";
				PRODUCT_NAME = "$(TARGET_NAME)";
				TEST_HOST = "$(BUNDLE_LOADER)";
				WRAPPER_EXTENSION = xctest;
			};
			name = Release;
		};
/* End XCBuildConfiguration section */

/* Begin XCConfigurationList section */
		6F0A6A2818A759A500E2AB44 /* Build configuration list for PBXProject "Git Test" */ = {
			isa = XCConfigurationList;
			buildConfigurations = (
				6F0A6A5D18A759A500E2AB44 /* Debug */,
				6F0A6A5E18A759A500E2AB44 /* Release */,
			);
			defaultConfigurationIsVisible = 0;
			defaultConfigurationName = Release;
		};
		6F0A6A5F18A759A500E2AB44 /* Build configuration list for PBXNativeTarget "Git Test" */ = {
			isa = XCConfigurationList;
			buildConfigurations = (
				6F0A6A6018A759A500E2AB44 /* Debug */,
				6F0A6A6118A759A500E2AB44 /* Release */,
			);
			defaultConfigurationIsVisible = 0;
			defaultConfigurationName = Release;
		};
		6F0A6A6218A759A500E2AB44 /* Build configuration list for PBXNativeTarget "Git TestTests" */ = {
			isa = XCConfigurationList;
			buildConfigurations = (
				6F0A6A6318A759A500E2AB44 /* Debug */,
				6F0A6A6418A759A500E2AB44 /* Release */,
			);
			defaultConfigurationIsVisible = 0;
			defaultConfigurationName = Release;
		};
/* End XCConfigurationList section */
	};
	rootObject = 6F0A6A2518A759A500E2AB44 /* Project object */;
}
